
Microsoft Visual Studio Solution File, Format Version 12.00
# Visual Studio 15
VisualStudioVersion = 15.0.28307.102
MinimumVisualStudioVersion = 10.0.40219.1
Project("{9A19103F-16F7-4668-BE54-9A1E7A4F7556}") = "hobbyTrackerAPI", "hobbyTrackerAPI\hobbyTrackerAPI.csproj", "{5F090CDE-DC1C-41D4-9653-EA2B7D094FDA}"
EndProject
Project("{FAE04EC0-301F-11D3-BF4B-00C04F79EFBC}") = "unitTestHobbyTrackerAPI", "unitTestHobbyTrackerAPI\unitTestHobbyTrackerAPI.csproj", "{55D2D4A4-EDFC-42BE-8461-8C64A1FB0A61}"
EndProject
Global
	GlobalSection(SolutionConfigurationPlatforms) = preSolution
		Debug|Any CPU = Debug|Any CPU
		Release|Any CPU = Release|Any CPU
	EndGlobalSection
	GlobalSection(ProjectConfigurationPlatforms) = postSolution
		{5F090CDE-DC1C-41D4-9653-EA2B7D094FDA}.Debug|Any CPU.ActiveCfg = Debug|Any CPU
		{5F090CDE-DC1C-41D4-9653-EA2B7D094FDA}.Debug|Any CPU.Build.0 = Debug|Any CPU
		{5F090CDE-DC1C-41D4-9653-EA2B7D094FDA}.Release|Any CPU.ActiveCfg = Release|Any CPU
		{5F090CDE-DC1C-41D4-9653-EA2B7D094FDA}.Release|Any CPU.Build.0 = Release|Any CPU
		{55D2D4A4-EDFC-42BE-8461-8C64A1FB0A61}.Debug|Any CPU.ActiveCfg = Debug|Any CPU
		{55D2D4A4-EDFC-42BE-8461-8C64A1FB0A61}.Debug|Any CPU.Build.0 = Debug|Any CPU
		{55D2D4A4-EDFC-42BE-8461-8C64A1FB0A61}.Release|Any CPU.ActiveCfg = Release|Any CPU
		{55D2D4A4-EDFC-42BE-8461-8C64A1FB0A61}.Release|Any CPU.Build.0 = Release|Any CPU
	EndGlobalSection
	GlobalSection(SolutionProperties) = preSolution
		HideSolutionNode = FALSE
	EndGlobalSection
	GlobalSection(ExtensibilityGlobals) = postSolution
		SolutionGuid = {00CD3018-B945-44E7-8904-9888F838B0A5}
	EndGlobalSection
EndGlobal
